
Microsoft Visual Studio Solution File, Format Version 12.00
# Visual Studio Version 17
VisualStudioVersion = 17.0.31919.166
MinimumVisualStudioVersion = 10.0.40219.1
Project("{8BC9CEB8-8B4A-11D0-8D11-00A0C91BC942}") = "211216_project05", "211216_project05\211216_project05.vcxproj", "{569EC1BB-6190-4FD4-A6BC-64F4C7A59211}"
EndProject
Global
	GlobalSection(SolutionConfigurationPlatforms) = preSolution
		Debug|x64 = Debug|x64
		Debug|x86 = Debug|x86
		Release|x64 = Release|x64
		Release|x86 = Release|x86
	EndGlobalSection
	GlobalSection(ProjectConfigurationPlatforms) = postSolution
		{569EC1BB-6190-4FD4-A6BC-64F4C7A59211}.Debug|x64.ActiveCfg = Debug|x64
		{569EC1BB-6190-4FD4-A6BC-64F4C7A59211}.Debug|x64.Build.0 = Debug|x64
		{569EC1BB-6190-4FD4-A6BC-64F4C7A59211}.Debug|x86.ActiveCfg = Debug|Win32
		{569EC1BB-6190-4FD4-A6BC-64F4C7A59211}.Debug|x86.Build.0 = Debug|Win32
		{569EC1BB-6190-4FD4-A6BC-64F4C7A59211}.Release|x64.ActiveCfg = Release|x64
		{569EC1BB-6190-4FD4-A6BC-64F4C7A59211}.Release|x64.Build.0 = Release|x64
		{569EC1BB-6190-4FD4-A6BC-64F4C7A59211}.Release|x86.ActiveCfg = Release|Win32
		{569EC1BB-6190-4FD4-A6BC-64F4C7A59211}.Release|x86.Build.0 = Release|Win32
	EndGlobalSection
	GlobalSection(SolutionProperties) = preSolution
		HideSolutionNode = FALSE
	EndGlobalSection
	GlobalSection(ExtensibilityGlobals) = postSolution
		SolutionGuid = {A148DF5E-2D4D-407C-9AA1-26C9E4B8B460}
	EndGlobalSection
EndGlobal
